
Microsoft Visual Studio Solution File, Format Version 12.00
# Visual Studio Version 17
VisualStudioVersion = 17.12.35707.178 d17.12
MinimumVisualStudioVersion = 10.0.40219.1
Project("{F184B08F-C81C-45F6-A57F-5ABD9991F28F}") = "AccessControl", "AccessControl.vbproj", "{019569D8-B0CD-4CEF-AC92-A6916F9A61AD}"
EndProject
Global
	GlobalSection(SolutionConfigurationPlatforms) = preSolution
		Debug|Any CPU = Debug|Any CPU
		Release|Any CPU = Release|Any CPU
	EndGlobalSection
	GlobalSection(ProjectConfigurationPlatforms) = postSolution
		{019569D8-B0CD-4CEF-AC92-A6916F9A61AD}.Debug|Any CPU.ActiveCfg = Debug|Any CPU
		{019569D8-B0CD-4CEF-AC92-A6916F9A61AD}.Debug|Any CPU.Build.0 = Debug|Any CPU
		{019569D8-B0CD-4CEF-AC92-A6916F9A61AD}.Release|Any CPU.ActiveCfg = Release|Any CPU
		{019569D8-B0CD-4CEF-AC92-A6916F9A61AD}.Release|Any CPU.Build.0 = Release|Any CPU
	EndGlobalSection
	GlobalSection(SolutionProperties) = preSolution
		HideSolutionNode = FALSE
	EndGlobalSection
EndGlobal
